// !$*UTF8*$!
{
	archiveVersion = 1;
	classes = {
	};
	objectVersion = 50;
	objects = {

/* Begin PBXBuildFile section */
		FAFD4D7B21C622E800CA3C94 /* AppDelegate.swift in Sources */ = {isa = PBXBuildFile; fileRef = FAFD4D7A21C622E800CA3C94 /* AppDelegate.swift */; };
		FAFD4D7D21C622E800CA3C94 /* GameScene.sks in Resources */ = {isa = PBXBuildFile; fileRef = FAFD4D7C21C622E800CA3C94 /* GameScene.sks */; };
		FAFD4D8121C622E800CA3C94 /* GameScene.swift in Sources */ = {isa = PBXBuildFile; fileRef = FAFD4D8021C622E800CA3C94 /* GameScene.swift */; };
		FAFD4D8321C622E800CA3C94 /* GameViewController.swift in Sources */ = {isa = PBXBuildFile; fileRef = FAFD4D8221C622E800CA3C94 /* GameViewController.swift */; };
		FAFD4D8621C622E800CA3C94 /* Main.storyboard in Resources */ = {isa = PBXBuildFile; fileRef = FAFD4D8421C622E800CA3C94 /* Main.storyboard */; };
		FAFD4D8821C622EC00CA3C94 /* Assets.xcassets in Resources */ = {isa = PBXBuildFile; fileRef = FAFD4D8721C622EC00CA3C94 /* Assets.xcassets */; };
		FAFD4D8B21C622EC00CA3C94 /* LaunchScreen.storyboard in Resources */ = {isa = PBXBuildFile; fileRef = FAFD4D8921C622EC00CA3C94 /* LaunchScreen.storyboard */; };
		FAFD4D9F21C6260900CA3C94 /* tv.png in Resources */ = {isa = PBXBuildFile; fileRef = FAFD4D9321C6260900CA3C94 /* tv.png */; };
		FAFD4DA021C6260900CA3C94 /* ball.png in Resources */ = {isa = PBXBuildFile; fileRef = FAFD4D9421C6260900CA3C94 /* ball.png */; };
		FAFD4DA121C6260900CA3C94 /* explosion.sks in Resources */ = {isa = PBXBuildFile; fileRef = FAFD4D9521C6260900CA3C94 /* explosion.sks */; };
		FAFD4DA221C6260900CA3C94 /* tv@2x.png in Resources */ = {isa = PBXBuildFile; fileRef = FAFD4D9621C6260900CA3C94 /* tv@2x.png */; };
		FAFD4DA321C6260900CA3C94 /* bigSpark.png in Resources */ = {isa = PBXBuildFile; fileRef = FAFD4D9721C6260900CA3C94 /* bigSpark.png */; };
		FAFD4DA421C6260900CA3C94 /* spark.png in Resources */ = {isa = PBXBuildFile; fileRef = FAFD4D9821C6260900CA3C94 /* spark.png */; };
		FAFD4DA521C6260900CA3C94 /* player@2x.png in Resources */ = {isa = PBXBuildFile; fileRef = FAFD4D9921C6260900CA3C94 /* player@2x.png */; };
		FAFD4DA621C6260900CA3C94 /* ball@2x.png in Resources */ = {isa = PBXBuildFile; fileRef = FAFD4D9A21C6260900CA3C94 /* ball@2x.png */; };
		FAFD4DA721C6260900CA3C94 /* hammer.png in Resources */ = {isa = PBXBuildFile; fileRef = FAFD4D9B21C6260900CA3C94 /* hammer.png */; };
		FAFD4DA821C6260900CA3C94 /* player.png in Resources */ = {isa = PBXBuildFile; fileRef = FAFD4D9C21C6260900CA3C94 /* player.png */; };
		FAFD4DA921C6260900CA3C94 /* Starfield.sks in Resources */ = {isa = PBXBuildFile; fileRef = FAFD4D9D21C6260900CA3C94 /* Starfield.sks */; };
		FAFD4DAA21C6260900CA3C94 /* hammer@2x.png in Resources */ = {isa = PBXBuildFile; fileRef = FAFD4D9E21C6260900CA3C94 /* hammer@2x.png */; };
/* End PBXBuildFile section */

/* Begin PBXFileReference section */
		FAFD4D7721C622E800CA3C94 /* Project23.app */ = {isa = PBXFileReference; explicitFileType = wrapper.application; includeInIndex = 0; path = Project23.app; sourceTree = BUILT_PRODUCTS_DIR; };
		FAFD4D7A21C622E800CA3C94 /* AppDelegate.swift */ = {isa = PBXFileReference; lastKnownFileType = sourcecode.swift; path = AppDelegate.swift; sourceTree = "<group>"; };
		FAFD4D7C21C622E800CA3C94 /* GameScene.sks */ = {isa = PBXFileReference; lastKnownFileType = file.sks; path = GameScene.sks; sourceTree = "<group>"; };
		FAFD4D8021C622E800CA3C94 /* GameScene.swift */ = {isa = PBXFileReference; lastKnownFileType = sourcecode.swift; path = GameScene.swift; sourceTree = "<group>"; };
		FAFD4D8221C622E800CA3C94 /* GameViewController.swift */ = {isa = PBXFileReference; lastKnownFileType = sourcecode.swift; path = GameViewController.swift; sourceTree = "<group>"; };
		FAFD4D8521C622E800CA3C94 /* Base */ = {isa = PBXFileReference; lastKnownFileType = file.storyboard; name = Base; path = Base.lproj/Main.storyboard; sourceTree = "<group>"; };
		FAFD4D8721C622EC00CA3C94 /* Assets.xcassets */ = {isa = PBXFileReference; lastKnownFileType = folder.assetcatalog; path = Assets.xcassets; sourceTree = "<group>"; };
		FAFD4D8A21C622EC00CA3C94 /* Base */ = {isa = PBXFileReference; lastKnownFileType = file.storyboard; name = Base; path = Base.lproj/LaunchScreen.storyboard; sourceTree = "<group>"; };
		FAFD4D8C21C622EC00CA3C94 /* Info.plist */ = {isa = PBXFileReference; lastKnownFileType = text.plist.xml; path = Info.plist; sourceTree = "<group>"; };
		FAFD4D9321C6260900CA3C94 /* tv.png */ = {isa = PBXFileReference; lastKnownFileType = image.png; path = tv.png; sourceTree = "<group>"; };
		FAFD4D9421C6260900CA3C94 /* ball.png */ = {isa = PBXFileReference; lastKnownFileType = image.png; path = ball.png; sourceTree = "<group>"; };
		FAFD4D9521C6260900CA3C94 /* explosion.sks */ = {isa = PBXFileReference; lastKnownFileType = file.sks; path = explosion.sks; sourceTree = "<group>"; };
		FAFD4D9621C6260900CA3C94 /* tv@2x.png */ = {isa = PBXFileReference; lastKnownFileType = image.png; path = "tv@2x.png"; sourceTree = "<group>"; };
		FAFD4D9721C6260900CA3C94 /* bigSpark.png */ = {isa = PBXFileReference; lastKnownFileType = image.png; path = bigSpark.png; sourceTree = "<group>"; };
		FAFD4D9821C6260900CA3C94 /* spark.png */ = {isa = PBXFileReference; lastKnownFileType = image.png; path = spark.png; sourceTree = "<group>"; };
		FAFD4D9921C6260900CA3C94 /* player@2x.png */ = {isa = PBXFileReference; lastKnownFileType = image.png; path = "player@2x.png"; sourceTree = "<group>"; };
		FAFD4D9A21C6260900CA3C94 /* ball@2x.png */ = {isa = PBXFileReference; lastKnownFileType = image.png; path = "ball@2x.png"; sourceTree = "<group>"; };
		FAFD4D9B21C6260900CA3C94 /* hammer.png */ = {isa = PBXFileReference; lastKnownFileType = image.png; path = hammer.png; sourceTree = "<group>"; };
		FAFD4D9C21C6260900CA3C94 /* player.png */ = {isa = PBXFileReference; lastKnownFileType = image.png; path = player.png; sourceTree = "<group>"; };
		FAFD4D9D21C6260900CA3C94 /* Starfield.sks */ = {isa = PBXFileReference; lastKnownFileType = file.sks; path = Starfield.sks; sourceTree = "<group>"; };
		FAFD4D9E21C6260900CA3C94 /* hammer@2x.png */ = {isa = PBXFileReference; lastKnownFileType = image.png; path = "hammer@2x.png"; sourceTree = "<group>"; };
/* End PBXFileReference section */

/* Begin PBXFrameworksBuildPhase section */
		FAFD4D7421C622E800CA3C94 /* Frameworks */ = {
			isa = PBXFrameworksBuildPhase;
			buildActionMask = 2147483647;
			files = (
			);
			runOnlyForDeploymentPostprocessing = 0;
		};
/* End PBXFrameworksBuildPhase section */

/* Begin PBXGroup section */
		FAFD4D6E21C622E800CA3C94 = {
			isa = PBXGroup;
			children = (
				FAFD4D7921C622E800CA3C94 /* Project23 */,
				FAFD4D7821C622E800CA3C94 /* Products */,
			);
			sourceTree = "<group>";
		};
		FAFD4D7821C622E800CA3C94 /* Products */ = {
			isa = PBXGroup;
			children = (
				FAFD4D7721C622E800CA3C94 /* Project23.app */,
			);
			name = Products;
			sourceTree = "<group>";
		};
		FAFD4D7921C622E800CA3C94 /* Project23 */ = {
			isa = PBXGroup;
			children = (
				FAFD4D7A21C622E800CA3C94 /* AppDelegate.swift */,
				FAFD4D7C21C622E800CA3C94 /* GameScene.sks */,
				FAFD4D8021C622E800CA3C94 /* GameScene.swift */,
				FAFD4D8221C622E800CA3C94 /* GameViewController.swift */,
				FAFD4D8421C622E800CA3C94 /* Main.storyboard */,
				FAFD4D8721C622EC00CA3C94 /* Assets.xcassets */,
				FAFD4D8921C622EC00CA3C94 /* LaunchScreen.storyboard */,
				FAFD4D8C21C622EC00CA3C94 /* Info.plist */,
				FAFD4D9221C6260900CA3C94 /* Content */,
			);
			path = Project23;
			sourceTree = "<group>";
		};
		FAFD4D9221C6260900CA3C94 /* Content */ = {
			isa = PBXGroup;
			children = (
				FAFD4D9321C6260900CA3C94 /* tv.png */,
				FAFD4D9421C6260900CA3C94 /* ball.png */,
				FAFD4D9521C6260900CA3C94 /* explosion.sks */,
				FAFD4D9621C6260900CA3C94 /* tv@2x.png */,
				FAFD4D9721C6260900CA3C94 /* bigSpark.png */,
				FAFD4D9821C6260900CA3C94 /* spark.png */,
				FAFD4D9921C6260900CA3C94 /* player@2x.png */,
				FAFD4D9A21C6260900CA3C94 /* ball@2x.png */,
				FAFD4D9B21C6260900CA3C94 /* hammer.png */,
				FAFD4D9C21C6260900CA3C94 /* player.png */,
				FAFD4D9D21C6260900CA3C94 /* Starfield.sks */,
				FAFD4D9E21C6260900CA3C94 /* hammer@2x.png */,
			);
			path = Content;
			sourceTree = "<group>";
		};
/* End PBXGroup section */

/* Begin PBXNativeTarget section */
		FAFD4D7621C622E800CA3C94 /* Project23 */ = {
			isa = PBXNativeTarget;
			buildConfigurationList = FAFD4D8F21C622EC00CA3C94 /* Build configuration list for PBXNativeTarget "Project23" */;
			buildPhases = (
				FAFD4D7321C622E800CA3C94 /* Sources */,
				FAFD4D7421C622E800CA3C94 /* Frameworks */,
				FAFD4D7521C622E800CA3C94 /* Resources */,
			);
			buildRules = (
			);
			dependencies = (
			);
			name = Project23;
			productName = Project23;
			productReference = FAFD4D7721C622E800CA3C94 /* Project23.app */;
			productType = "com.apple.product-type.application";
		};
/* End PBXNativeTarget section */

/* Begin PBXProject section */
		FAFD4D6F21C622E800CA3C94 /* Project object */ = {
			isa = PBXProject;
			attributes = {
				LastSwiftUpdateCheck = 1010;
				LastUpgradeCheck = 1010;
				ORGANIZATIONNAME = PROTECO;
				TargetAttributes = {
					FAFD4D7621C622E800CA3C94 = {
						CreatedOnToolsVersion = 10.1;
					};
				};
			};
			buildConfigurationList = FAFD4D7221C622E800CA3C94 /* Build configuration list for PBXProject "Project23" */;
			compatibilityVersion = "Xcode 9.3";
			developmentRegion = en;
			hasScannedForEncodings = 0;
			knownRegions = (
				en,
				Base,
			);
			mainGroup = FAFD4D6E21C622E800CA3C94;
			productRefGroup = FAFD4D7821C622E800CA3C94 /* Products */;
			projectDirPath = "";
			projectRoot = "";
			targets = (
				FAFD4D7621C622E800CA3C94 /* Project23 */,
			);
		};
/* End PBXProject section */

/* Begin PBXResourcesBuildPhase section */
		FAFD4D7521C622E800CA3C94 /* Resources */ = {
			isa = PBXResourcesBuildPhase;
			buildActionMask = 2147483647;
			files = (
				FAFD4DA821C6260900CA3C94 /* player.png in Resources */,
				FAFD4DA521C6260900CA3C94 /* player@2x.png in Resources */,
				FAFD4DA221C6260900CA3C94 /* tv@2x.png in Resources */,
				FAFD4DA721C6260900CA3C94 /* hammer.png in Resources */,
				FAFD4DAA21C6260900CA3C94 /* hammer@2x.png in Resources */,
				FAFD4D9F21C6260900CA3C94 /* tv.png in Resources */,
				FAFD4D8621C622E800CA3C94 /* Main.storyboard in Resources */,
				FAFD4DA021C6260900CA3C94 /* ball.png in Resources */,
				FAFD4D7D21C622E800CA3C94 /* GameScene.sks in Resources */,
				FAFD4DA421C6260900CA3C94 /* spark.png in Resources */,
				FAFD4DA621C6260900CA3C94 /* ball@2x.png in Resources */,
				FAFD4DA121C6260900CA3C94 /* explosion.sks in Resources */,
				FAFD4D8821C622EC00CA3C94 /* Assets.xcassets in Resources */,
				FAFD4DA921C6260900CA3C94 /* Starfield.sks in Resources */,
				FAFD4D8B21C622EC00CA3C94 /* LaunchScreen.storyboard in Resources */,
				FAFD4DA321C6260900CA3C94 /* bigSpark.png in Resources */,
			);
			runOnlyForDeploymentPostprocessing = 0;
		};
/* End PBXResourcesBuildPhase section */

/* Begin PBXSourcesBuildPhase section */
		FAFD4D7321C622E800CA3C94 /* Sources */ = {
			isa = PBXSourcesBuildPhase;
			buildActionMask = 2147483647;
			files = (
				FAFD4D8121C622E800CA3C94 /* GameScene.swift in Sources */,
				FAFD4D8321C622E800CA3C94 /* GameViewController.swift in Sources */,
				FAFD4D7B21C622E800CA3C94 /* AppDelegate.swift in Sources */,
			);
			runOnlyForDeploymentPostprocessing = 0;
		};
/* End PBXSourcesBuildPhase section */

/* Begin PBXVariantGroup section */
		FAFD4D8421C622E800CA3C94 /* Main.storyboard */ = {
			isa = PBXVariantGroup;
			children = (
				FAFD4D8521C622E800CA3C94 /* Base */,
			);
			name = Main.storyboard;
			sourceTree = "<group>";
		};
		FAFD4D8921C622EC00CA3C94 /* LaunchScreen.storyboard */ = {
			isa = PBXVariantGroup;
			children = (
				FAFD4D8A21C622EC00CA3C94 /* Base */,
			);
			name = LaunchScreen.storyboard;
			sourceTree = "<group>";
		};
/* End PBXVariantGroup section */

/* Begin XCBuildConfiguration section */
		FAFD4D8D21C622EC00CA3C94 /* Debug */ = {
			isa = XCBuildConfiguration;
			buildSettings = {
				ALWAYS_SEARCH_USER_PATHS = NO;
				CLANG_ANALYZER_NONNULL = YES;
				CLANG_ANALYZER_NUMBER_OBJECT_CONVERSION = YES_AGGRESSIVE;
				CLANG_CXX_LANGUAGE_STANDARD = "gnu++14";
				CLANG_CXX_LIBRARY = "libc++";
				CLANG_ENABLE_MODULES = YES;
				CLANG_ENABLE_OBJC_ARC = YES;
				CLANG_ENABLE_OBJC_WEAK = YES;
				CLANG_WARN_BLOCK_CAPTURE_AUTORELEASING = YES;
				CLANG_WARN_BOOL_CONVERSION = YES;
				CLANG_WARN_COMMA = YES;
				CLANG_WARN_CONSTANT_CONVERSION = YES;
				CLANG_WARN_DEPRECATED_OBJC_IMPLEMENTATIONS = YES;
				CLANG_WARN_DIRECT_OBJC_ISA_USAGE = YES_ERROR;
				CLANG_WARN_DOCUMENTATION_COMMENTS = YES;
				CLANG_WARN_EMPTY_BODY = YES;
				CLANG_WARN_ENUM_CONVERSION = YES;
				CLANG_WARN_INFINITE_RECURSION = YES;
				CLANG_WARN_INT_CONVERSION = YES;
				CLANG_WARN_NON_LITERAL_NULL_CONVERSION = YES;
				CLANG_WARN_OBJC_IMPLICIT_RETAIN_SELF = YES;
				CLANG_WARN_OBJC_LITERAL_CONVERSION = YES;
				CLANG_WARN_OBJC_ROOT_CLASS = YES_ERROR;
				CLANG_WARN_RANGE_LOOP_ANALYSIS = YES;
				CLANG_WARN_STRICT_PROTOTYPES = YES;
				CLANG_WARN_SUSPICIOUS_MOVE = YES;
				CLANG_WARN_UNGUARDED_AVAILABILITY = YES_AGGRESSIVE;
				CLANG_WARN_UNREACHABLE_CODE = YES;
				CLANG_WARN__DUPLICATE_METHOD_MATCH = YES;
				CODE_SIGN_IDENTITY = "iPhone Developer";
				COPY_PHASE_STRIP = NO;
				DEBUG_INFORMATION_FORMAT = dwarf;
				ENABLE_STRICT_OBJC_MSGSEND = YES;
				ENABLE_TESTABILITY = YES;
				GCC_C_LANGUAGE_STANDARD = gnu11;
				GCC_DYNAMIC_NO_PIC = NO;
				GCC_NO_COMMON_BLOCKS = YES;
				GCC_OPTIMIZATION_LEVEL = 0;
				GCC_PREPROCESSOR_DEFINITIONS = (
					"DEBUG=1",
					"$(inherited)",
				);
				GCC_WARN_64_TO_32_BIT_CONVERSION = YES;
				GCC_WARN_ABOUT_RETURN_TYPE = YES_ERROR;
				GCC_WARN_UNDECLARED_SELECTOR = YES;
				GCC_WARN_UNINITIALIZED_AUTOS = YES_AGGRESSIVE;
				GCC_WARN_UNUSED_FUNCTION = YES;
				GCC_WARN_UNUSED_VARIABLE = YES;
				IPHONEOS_DEPLOYMENT_TARGET = 12.1;
				MTL_ENABLE_DEBUG_INFO = INCLUDE_SOURCE;
				MTL_FAST_MATH = YES;
				ONLY_ACTIVE_ARCH = YES;
				SDKROOT = iphoneos;
				SWIFT_ACTIVE_COMPILATION_CONDITIONS = DEBUG;
				SWIFT_OPTIMIZATION_LEVEL = "-Onone";
			};
			name = Debug;
		};
		FAFD4D8E21C622EC00CA3C94 /* Release */ = {
			isa = XCBuildConfiguration;
			buildSettings = {
				ALWAYS_SEARCH_USER_PATHS = NO;
				CLANG_ANALYZER_NONNULL = YES;
				CLANG_ANALYZER_NUMBER_OBJECT_CONVERSION = YES_AGGRESSIVE;
				CLANG_CXX_LANGUAGE_STANDARD = "gnu++14";
				CLANG_CXX_LIBRARY = "libc++";
				CLANG_ENABLE_MODULES = YES;
				CLANG_ENABLE_OBJC_ARC = YES;
				CLANG_ENABLE_OBJC_WEAK = YES;
				CLANG_WARN_BLOCK_CAPTURE_AUTORELEASING = YES;
				CLANG_WARN_BOOL_CONVERSION = YES;
				CLANG_WARN_COMMA = YES;
				CLANG_WARN_CONSTANT_CONVERSION = YES;
				CLANG_WARN_DEPRECATED_OBJC_IMPLEMENTATIONS = YES;
				CLANG_WARN_DIRECT_OBJC_ISA_USAGE = YES_ERROR;
				CLANG_WARN_DOCUMENTATION_COMMENTS = YES;
				CLANG_WARN_EMPTY_BODY = YES;
				CLANG_WARN_ENUM_CONVERSION = YES;
				CLANG_WARN_INFINITE_RECURSION = YES;
				CLANG_WARN_INT_CONVERSION = YES;
				CLANG_WARN_NON_LITERAL_NULL_CONVERSION = YES;
				CLANG_WARN_OBJC_IMPLICIT_RETAIN_SELF = YES;
				CLANG_WARN_OBJC_LITERAL_CONVERSION = YES;
				CLANG_WARN_OBJC_ROOT_CLASS = YES_ERROR;
				CLANG_WARN_RANGE_LOOP_ANALYSIS = YES;
				CLANG_WARN_STRICT_PROTOTYPES = YES;
				CLANG_WARN_SUSPICIOUS_MOVE = YES;
				CLANG_WARN_UNGUARDED_AVAILABILITY = YES_AGGRESSIVE;
				CLANG_WARN_UNREACHABLE_CODE = YES;
				CLANG_WARN__DUPLICATE_METHOD_MATCH = YES;
				CODE_SIGN_IDENTITY = "iPhone Developer";
				COPY_PHASE_STRIP = NO;
				DEBUG_INFORMATION_FORMAT = "dwarf-with-dsym";
				ENABLE_NS_ASSERTIONS = NO;
				ENABLE_STRICT_OBJC_MSGSEND = YES;
				GCC_C_LANGUAGE_STANDARD = gnu11;
				GCC_NO_COMMON_BLOCKS = YES;
				GCC_WARN_64_TO_32_BIT_CONVERSION = YES;
				GCC_WARN_ABOUT_RETURN_TYPE = YES_ERROR;
				GCC_WARN_UNDECLARED_SELECTOR = YES;
				GCC_WARN_UNINITIALIZED_AUTOS = YES_AGGRESSIVE;
				GCC_WARN_UNUSED_FUNCTION = YES;
				GCC_WARN_UNUSED_VARIABLE = YES;
				IPHONEOS_DEPLOYMENT_TARGET = 12.1;
				MTL_ENABLE_DEBUG_INFO = NO;
				MTL_FAST_MATH = YES;
				SDKROOT = iphoneos;
				SWIFT_COMPILATION_MODE = wholemodule;
				SWIFT_OPTIMIZATION_LEVEL = "-O";
				VALIDATE_PRODUCT = YES;
			};
			name = Release;
		};
		FAFD4D9021C622EC00CA3C94 /* Debug */ = {
			isa = XCBuildConfiguration;
			buildSettings = {
				ASSETCATALOG_COMPILER_APPICON_NAME = AppIcon;
				CODE_SIGN_STYLE = Automatic;
				DEVELOPMENT_TEAM = 486CCPNU3B;
				INFOPLIST_FILE = Project23/Info.plist;
				LD_RUNPATH_SEARCH_PATHS = (
					"$(inherited)",
					"@executable_path/Frameworks",
				);
				PRODUCT_BUNDLE_IDENTIFIER = com.example.Project23;
				PRODUCT_NAME = "$(TARGET_NAME)";
				SWIFT_VERSION = 4.2;
				TARGETED_DEVICE_FAMILY = 2;
			};
			name = Debug;
		};
		FAFD4D9121C622EC00CA3C94 /* Release */ = {
			isa = XCBuildConfiguration;
			buildSettings = {
				ASSETCATALOG_COMPILER_APPICON_NAME = AppIcon;
				CODE_SIGN_STYLE = Automatic;
				DEVELOPMENT_TEAM = 486CCPNU3B;
				INFOPLIST_FILE = Project23/Info.plist;
				LD_RUNPATH_SEARCH_PATHS = (
					"$(inherited)",
					"@executable_path/Frameworks",
				);
				PRODUCT_BUNDLE_IDENTIFIER = com.example.Project23;
				PRODUCT_NAME = "$(TARGET_NAME)";
				SWIFT_VERSION = 4.2;
				TARGETED_DEVICE_FAMILY = 2;
			};
			name = Release;
		};
/* End XCBuildConfiguration section */

/* Begin XCConfigurationList section */
		FAFD4D7221C622E800CA3C94 /* Build configuration list for PBXProject "Project23" */ = {
			isa = XCConfigurationList;
			buildConfigurations = (
				FAFD4D8D21C622EC00CA3C94 /* Debug */,
				FAFD4D8E21C622EC00CA3C94 /* Release */,
			);
			defaultConfigurationIsVisible = 0;
			defaultConfigurationName = Release;
		};
		FAFD4D8F21C622EC00CA3C94 /* Build configuration list for PBXNativeTarget "Project23" */ = {
			isa = XCConfigurationList;
			buildConfigurations = (
				FAFD4D9021C622EC00CA3C94 /* Debug */,
				FAFD4D9121C622EC00CA3C94 /* Release */,
			);
			defaultConfigurationIsVisible = 0;
			defaultConfigurationName = Release;
		};
/* End XCConfigurationList section */
	};
	rootObject = FAFD4D6F21C622E800CA3C94 /* Project object */;
}
