// !$*UTF8*$!
{
	archiveVersion = 1;
	classes = {
	};
	objectVersion = 50;
	objects = {

/* Begin PBXBuildFile section */
		FAA2ADCC21854F47005AAD9F /* AppDelegate.swift in Sources */ = {isa = PBXBuildFile; fileRef = FAA2ADCB21854F47005AAD9F /* AppDelegate.swift */; };
		FAA2ADCE21854F47005AAD9F /* ViewController.swift in Sources */ = {isa = PBXBuildFile; fileRef = FAA2ADCD21854F47005AAD9F /* ViewController.swift */; };
		FAA2ADD121854F47005AAD9F /* Main.storyboard in Resources */ = {isa = PBXBuildFile; fileRef = FAA2ADCF21854F47005AAD9F /* Main.storyboard */; };
		FAA2ADD321854F48005AAD9F /* Assets.xcassets in Resources */ = {isa = PBXBuildFile; fileRef = FAA2ADD221854F48005AAD9F /* Assets.xcassets */; };
		FAA2ADD621854F48005AAD9F /* LaunchScreen.storyboard in Resources */ = {isa = PBXBuildFile; fileRef = FAA2ADD421854F48005AAD9F /* LaunchScreen.storyboard */; };
		FAA2ADE421855215005AAD9F /* ActionViewController.swift in Sources */ = {isa = PBXBuildFile; fileRef = FAA2ADE321855215005AAD9F /* ActionViewController.swift */; };
		FAA2ADE721855215005AAD9F /* MainInterface.storyboard in Resources */ = {isa = PBXBuildFile; fileRef = FAA2ADE521855215005AAD9F /* MainInterface.storyboard */; };
		FAA2ADEB21855215005AAD9F /* Extension.appex in Embed App Extensions */ = {isa = PBXBuildFile; fileRef = FAA2ADE121855215005AAD9F /* Extension.appex */; settings = {ATTRIBUTES = (RemoveHeadersOnCopy, ); }; };
		FAA2ADF12185591A005AAD9F /* Action.js in Resources */ = {isa = PBXBuildFile; fileRef = FAA2ADF02185591A005AAD9F /* Action.js */; };
/* End PBXBuildFile section */

/* Begin PBXContainerItemProxy section */
		FAA2ADE921855215005AAD9F /* PBXContainerItemProxy */ = {
			isa = PBXContainerItemProxy;
			containerPortal = FAA2ADC021854F47005AAD9F /* Project object */;
			proxyType = 1;
			remoteGlobalIDString = FAA2ADE021855215005AAD9F;
			remoteInfo = Extension;
		};
/* End PBXContainerItemProxy section */

/* Begin PBXCopyFilesBuildPhase section */
		FAA2ADEF21855215005AAD9F /* Embed App Extensions */ = {
			isa = PBXCopyFilesBuildPhase;
			buildActionMask = 2147483647;
			dstPath = "";
			dstSubfolderSpec = 13;
			files = (
				FAA2ADEB21855215005AAD9F /* Extension.appex in Embed App Extensions */,
			);
			name = "Embed App Extensions";
			runOnlyForDeploymentPostprocessing = 0;
		};
/* End PBXCopyFilesBuildPhase section */

/* Begin PBXFileReference section */
		FAA2ADC821854F47005AAD9F /* Project16.app */ = {isa = PBXFileReference; explicitFileType = wrapper.application; includeInIndex = 0; path = Project16.app; sourceTree = BUILT_PRODUCTS_DIR; };
		FAA2ADCB21854F47005AAD9F /* AppDelegate.swift */ = {isa = PBXFileReference; lastKnownFileType = sourcecode.swift; path = AppDelegate.swift; sourceTree = "<group>"; };
		FAA2ADCD21854F47005AAD9F /* ViewController.swift */ = {isa = PBXFileReference; lastKnownFileType = sourcecode.swift; path = ViewController.swift; sourceTree = "<group>"; };
		FAA2ADD021854F47005AAD9F /* Base */ = {isa = PBXFileReference; lastKnownFileType = file.storyboard; name = Base; path = Base.lproj/Main.storyboard; sourceTree = "<group>"; };
		FAA2ADD221854F48005AAD9F /* Assets.xcassets */ = {isa = PBXFileReference; lastKnownFileType = folder.assetcatalog; path = Assets.xcassets; sourceTree = "<group>"; };
		FAA2ADD521854F48005AAD9F /* Base */ = {isa = PBXFileReference; lastKnownFileType = file.storyboard; name = Base; path = Base.lproj/LaunchScreen.storyboard; sourceTree = "<group>"; };
		FAA2ADD721854F48005AAD9F /* Info.plist */ = {isa = PBXFileReference; lastKnownFileType = text.plist.xml; path = Info.plist; sourceTree = "<group>"; };
		FAA2ADE121855215005AAD9F /* Extension.appex */ = {isa = PBXFileReference; explicitFileType = "wrapper.app-extension"; includeInIndex = 0; path = Extension.appex; sourceTree = BUILT_PRODUCTS_DIR; };
		FAA2ADE321855215005AAD9F /* ActionViewController.swift */ = {isa = PBXFileReference; lastKnownFileType = sourcecode.swift; path = ActionViewController.swift; sourceTree = "<group>"; };
		FAA2ADE621855215005AAD9F /* Base */ = {isa = PBXFileReference; lastKnownFileType = file.storyboard; name = Base; path = Base.lproj/MainInterface.storyboard; sourceTree = "<group>"; };
		FAA2ADE821855215005AAD9F /* Info.plist */ = {isa = PBXFileReference; lastKnownFileType = text.plist.xml; path = Info.plist; sourceTree = "<group>"; };
		FAA2ADF02185591A005AAD9F /* Action.js */ = {isa = PBXFileReference; lastKnownFileType = sourcecode.javascript; path = Action.js; sourceTree = "<group>"; };
/* End PBXFileReference section */

/* Begin PBXFrameworksBuildPhase section */
		FAA2ADC521854F47005AAD9F /* Frameworks */ = {
			isa = PBXFrameworksBuildPhase;
			buildActionMask = 2147483647;
			files = (
			);
			runOnlyForDeploymentPostprocessing = 0;
		};
		FAA2ADDE21855215005AAD9F /* Frameworks */ = {
			isa = PBXFrameworksBuildPhase;
			buildActionMask = 2147483647;
			files = (
			);
			runOnlyForDeploymentPostprocessing = 0;
		};
/* End PBXFrameworksBuildPhase section */

/* Begin PBXGroup section */
		FAA2ADBF21854F47005AAD9F = {
			isa = PBXGroup;
			children = (
				FAA2ADCA21854F47005AAD9F /* Project16 */,
				FAA2ADE221855215005AAD9F /* Extension */,
				FAA2ADC921854F47005AAD9F /* Products */,
			);
			sourceTree = "<group>";
		};
		FAA2ADC921854F47005AAD9F /* Products */ = {
			isa = PBXGroup;
			children = (
				FAA2ADC821854F47005AAD9F /* Project16.app */,
				FAA2ADE121855215005AAD9F /* Extension.appex */,
			);
			name = Products;
			sourceTree = "<group>";
		};
		FAA2ADCA21854F47005AAD9F /* Project16 */ = {
			isa = PBXGroup;
			children = (
				FAA2ADCB21854F47005AAD9F /* AppDelegate.swift */,
				FAA2ADCD21854F47005AAD9F /* ViewController.swift */,
				FAA2ADCF21854F47005AAD9F /* Main.storyboard */,
				FAA2ADD221854F48005AAD9F /* Assets.xcassets */,
				FAA2ADD421854F48005AAD9F /* LaunchScreen.storyboard */,
				FAA2ADD721854F48005AAD9F /* Info.plist */,
			);
			path = Project16;
			sourceTree = "<group>";
		};
		FAA2ADE221855215005AAD9F /* Extension */ = {
			isa = PBXGroup;
			children = (
				FAA2ADE321855215005AAD9F /* ActionViewController.swift */,
				FAA2ADE521855215005AAD9F /* MainInterface.storyboard */,
				FAA2ADE821855215005AAD9F /* Info.plist */,
				FAA2ADF02185591A005AAD9F /* Action.js */,
			);
			path = Extension;
			sourceTree = "<group>";
		};
/* End PBXGroup section */

/* Begin PBXNativeTarget section */
		FAA2ADC721854F47005AAD9F /* Project16 */ = {
			isa = PBXNativeTarget;
			buildConfigurationList = FAA2ADDA21854F48005AAD9F /* Build configuration list for PBXNativeTarget "Project16" */;
			buildPhases = (
				FAA2ADC421854F47005AAD9F /* Sources */,
				FAA2ADC521854F47005AAD9F /* Frameworks */,
				FAA2ADC621854F47005AAD9F /* Resources */,
				FAA2ADEF21855215005AAD9F /* Embed App Extensions */,
			);
			buildRules = (
			);
			dependencies = (
				FAA2ADEA21855215005AAD9F /* PBXTargetDependency */,
			);
			name = Project16;
			productName = Project16;
			productReference = FAA2ADC821854F47005AAD9F /* Project16.app */;
			productType = "com.apple.product-type.application";
		};
		FAA2ADE021855215005AAD9F /* Extension */ = {
			isa = PBXNativeTarget;
			buildConfigurationList = FAA2ADEC21855215005AAD9F /* Build configuration list for PBXNativeTarget "Extension" */;
			buildPhases = (
				FAA2ADDD21855215005AAD9F /* Sources */,
				FAA2ADDE21855215005AAD9F /* Frameworks */,
				FAA2ADDF21855215005AAD9F /* Resources */,
			);
			buildRules = (
			);
			dependencies = (
			);
			name = Extension;
			productName = Extension;
			productReference = FAA2ADE121855215005AAD9F /* Extension.appex */;
			productType = "com.apple.product-type.app-extension";
		};
/* End PBXNativeTarget section */

/* Begin PBXProject section */
		FAA2ADC021854F47005AAD9F /* Project object */ = {
			isa = PBXProject;
			attributes = {
				LastSwiftUpdateCheck = 1000;
				LastUpgradeCheck = 1000;
				ORGANIZATIONNAME = "Angel Vázquez";
				TargetAttributes = {
					FAA2ADC721854F47005AAD9F = {
						CreatedOnToolsVersion = 10.0;
					};
					FAA2ADE021855215005AAD9F = {
						CreatedOnToolsVersion = 10.0;
					};
				};
			};
			buildConfigurationList = FAA2ADC321854F47005AAD9F /* Build configuration list for PBXProject "Project16" */;
			compatibilityVersion = "Xcode 9.3";
			developmentRegion = en;
			hasScannedForEncodings = 0;
			knownRegions = (
				en,
				Base,
			);
			mainGroup = FAA2ADBF21854F47005AAD9F;
			productRefGroup = FAA2ADC921854F47005AAD9F /* Products */;
			projectDirPath = "";
			projectRoot = "";
			targets = (
				FAA2ADC721854F47005AAD9F /* Project16 */,
				FAA2ADE021855215005AAD9F /* Extension */,
			);
		};
/* End PBXProject section */

/* Begin PBXResourcesBuildPhase section */
		FAA2ADC621854F47005AAD9F /* Resources */ = {
			isa = PBXResourcesBuildPhase;
			buildActionMask = 2147483647;
			files = (
				FAA2ADD621854F48005AAD9F /* LaunchScreen.storyboard in Resources */,
				FAA2ADD321854F48005AAD9F /* Assets.xcassets in Resources */,
				FAA2ADD121854F47005AAD9F /* Main.storyboard in Resources */,
			);
			runOnlyForDeploymentPostprocessing = 0;
		};
		FAA2ADDF21855215005AAD9F /* Resources */ = {
			isa = PBXResourcesBuildPhase;
			buildActionMask = 2147483647;
			files = (
				FAA2ADF12185591A005AAD9F /* Action.js in Resources */,
				FAA2ADE721855215005AAD9F /* MainInterface.storyboard in Resources */,
			);
			runOnlyForDeploymentPostprocessing = 0;
		};
/* End PBXResourcesBuildPhase section */

/* Begin PBXSourcesBuildPhase section */
		FAA2ADC421854F47005AAD9F /* Sources */ = {
			isa = PBXSourcesBuildPhase;
			buildActionMask = 2147483647;
			files = (
				FAA2ADCE21854F47005AAD9F /* ViewController.swift in Sources */,
				FAA2ADCC21854F47005AAD9F /* AppDelegate.swift in Sources */,
			);
			runOnlyForDeploymentPostprocessing = 0;
		};
		FAA2ADDD21855215005AAD9F /* Sources */ = {
			isa = PBXSourcesBuildPhase;
			buildActionMask = 2147483647;
			files = (
				FAA2ADE421855215005AAD9F /* ActionViewController.swift in Sources */,
			);
			runOnlyForDeploymentPostprocessing = 0;
		};
/* End PBXSourcesBuildPhase section */

/* Begin PBXTargetDependency section */
		FAA2ADEA21855215005AAD9F /* PBXTargetDependency */ = {
			isa = PBXTargetDependency;
			target = FAA2ADE021855215005AAD9F /* Extension */;
			targetProxy = FAA2ADE921855215005AAD9F /* PBXContainerItemProxy */;
		};
/* End PBXTargetDependency section */

/* Begin PBXVariantGroup section */
		FAA2ADCF21854F47005AAD9F /* Main.storyboard */ = {
			isa = PBXVariantGroup;
			children = (
				FAA2ADD021854F47005AAD9F /* Base */,
			);
			name = Main.storyboard;
			sourceTree = "<group>";
		};
		FAA2ADD421854F48005AAD9F /* LaunchScreen.storyboard */ = {
			isa = PBXVariantGroup;
			children = (
				FAA2ADD521854F48005AAD9F /* Base */,
			);
			name = LaunchScreen.storyboard;
			sourceTree = "<group>";
		};
		FAA2ADE521855215005AAD9F /* MainInterface.storyboard */ = {
			isa = PBXVariantGroup;
			children = (
				FAA2ADE621855215005AAD9F /* Base */,
			);
			name = MainInterface.storyboard;
			sourceTree = "<group>";
		};
/* End PBXVariantGroup section */

/* Begin XCBuildConfiguration section */
		FAA2ADD821854F48005AAD9F /* Debug */ = {
			isa = XCBuildConfiguration;
			buildSettings = {
				ALWAYS_SEARCH_USER_PATHS = NO;
				CLANG_ANALYZER_NONNULL = YES;
				CLANG_ANALYZER_NUMBER_OBJECT_CONVERSION = YES_AGGRESSIVE;
				CLANG_CXX_LANGUAGE_STANDARD = "gnu++14";
				CLANG_CXX_LIBRARY = "libc++";
				CLANG_ENABLE_MODULES = YES;
				CLANG_ENABLE_OBJC_ARC = YES;
				CLANG_ENABLE_OBJC_WEAK = YES;
				CLANG_WARN_BLOCK_CAPTURE_AUTORELEASING = YES;
				CLANG_WARN_BOOL_CONVERSION = YES;
				CLANG_WARN_COMMA = YES;
				CLANG_WARN_CONSTANT_CONVERSION = YES;
				CLANG_WARN_DEPRECATED_OBJC_IMPLEMENTATIONS = YES;
				CLANG_WARN_DIRECT_OBJC_ISA_USAGE = YES_ERROR;
				CLANG_WARN_DOCUMENTATION_COMMENTS = YES;
				CLANG_WARN_EMPTY_BODY = YES;
				CLANG_WARN_ENUM_CONVERSION = YES;
				CLANG_WARN_INFINITE_RECURSION = YES;
				CLANG_WARN_INT_CONVERSION = YES;
				CLANG_WARN_NON_LITERAL_NULL_CONVERSION = YES;
				CLANG_WARN_OBJC_IMPLICIT_RETAIN_SELF = YES;
				CLANG_WARN_OBJC_LITERAL_CONVERSION = YES;
				CLANG_WARN_OBJC_ROOT_CLASS = YES_ERROR;
				CLANG_WARN_RANGE_LOOP_ANALYSIS = YES;
				CLANG_WARN_STRICT_PROTOTYPES = YES;
				CLANG_WARN_SUSPICIOUS_MOVE = YES;
				CLANG_WARN_UNGUARDED_AVAILABILITY = YES_AGGRESSIVE;
				CLANG_WARN_UNREACHABLE_CODE = YES;
				CLANG_WARN__DUPLICATE_METHOD_MATCH = YES;
				CODE_SIGN_IDENTITY = "iPhone Developer";
				COPY_PHASE_STRIP = NO;
				DEBUG_INFORMATION_FORMAT = dwarf;
				ENABLE_STRICT_OBJC_MSGSEND = YES;
				ENABLE_TESTABILITY = YES;
				GCC_C_LANGUAGE_STANDARD = gnu11;
				GCC_DYNAMIC_NO_PIC = NO;
				GCC_NO_COMMON_BLOCKS = YES;
				GCC_OPTIMIZATION_LEVEL = 0;
				GCC_PREPROCESSOR_DEFINITIONS = (
					"DEBUG=1",
					"$(inherited)",
				);
				GCC_WARN_64_TO_32_BIT_CONVERSION = YES;
				GCC_WARN_ABOUT_RETURN_TYPE = YES_ERROR;
				GCC_WARN_UNDECLARED_SELECTOR = YES;
				GCC_WARN_UNINITIALIZED_AUTOS = YES_AGGRESSIVE;
				GCC_WARN_UNUSED_FUNCTION = YES;
				GCC_WARN_UNUSED_VARIABLE = YES;
				IPHONEOS_DEPLOYMENT_TARGET = 12.0;
				MTL_ENABLE_DEBUG_INFO = INCLUDE_SOURCE;
				MTL_FAST_MATH = YES;
				ONLY_ACTIVE_ARCH = YES;
				SDKROOT = iphoneos;
				SWIFT_ACTIVE_COMPILATION_CONDITIONS = DEBUG;
				SWIFT_OPTIMIZATION_LEVEL = "-Onone";
			};
			name = Debug;
		};
		FAA2ADD921854F48005AAD9F /* Release */ = {
			isa = XCBuildConfiguration;
			buildSettings = {
				ALWAYS_SEARCH_USER_PATHS = NO;
				CLANG_ANALYZER_NONNULL = YES;
				CLANG_ANALYZER_NUMBER_OBJECT_CONVERSION = YES_AGGRESSIVE;
				CLANG_CXX_LANGUAGE_STANDARD = "gnu++14";
				CLANG_CXX_LIBRARY = "libc++";
				CLANG_ENABLE_MODULES = YES;
				CLANG_ENABLE_OBJC_ARC = YES;
				CLANG_ENABLE_OBJC_WEAK = YES;
				CLANG_WARN_BLOCK_CAPTURE_AUTORELEASING = YES;
				CLANG_WARN_BOOL_CONVERSION = YES;
				CLANG_WARN_COMMA = YES;
				CLANG_WARN_CONSTANT_CONVERSION = YES;
				CLANG_WARN_DEPRECATED_OBJC_IMPLEMENTATIONS = YES;
				CLANG_WARN_DIRECT_OBJC_ISA_USAGE = YES_ERROR;
				CLANG_WARN_DOCUMENTATION_COMMENTS = YES;
				CLANG_WARN_EMPTY_BODY = YES;
				CLANG_WARN_ENUM_CONVERSION = YES;
				CLANG_WARN_INFINITE_RECURSION = YES;
				CLANG_WARN_INT_CONVERSION = YES;
				CLANG_WARN_NON_LITERAL_NULL_CONVERSION = YES;
				CLANG_WARN_OBJC_IMPLICIT_RETAIN_SELF = YES;
				CLANG_WARN_OBJC_LITERAL_CONVERSION = YES;
				CLANG_WARN_OBJC_ROOT_CLASS = YES_ERROR;
				CLANG_WARN_RANGE_LOOP_ANALYSIS = YES;
				CLANG_WARN_STRICT_PROTOTYPES = YES;
				CLANG_WARN_SUSPICIOUS_MOVE = YES;
				CLANG_WARN_UNGUARDED_AVAILABILITY = YES_AGGRESSIVE;
				CLANG_WARN_UNREACHABLE_CODE = YES;
				CLANG_WARN__DUPLICATE_METHOD_MATCH = YES;
				CODE_SIGN_IDENTITY = "iPhone Developer";
				COPY_PHASE_STRIP = NO;
				DEBUG_INFORMATION_FORMAT = "dwarf-with-dsym";
				ENABLE_NS_ASSERTIONS = NO;
				ENABLE_STRICT_OBJC_MSGSEND = YES;
				GCC_C_LANGUAGE_STANDARD = gnu11;
				GCC_NO_COMMON_BLOCKS = YES;
				GCC_WARN_64_TO_32_BIT_CONVERSION = YES;
				GCC_WARN_ABOUT_RETURN_TYPE = YES_ERROR;
				GCC_WARN_UNDECLARED_SELECTOR = YES;
				GCC_WARN_UNINITIALIZED_AUTOS = YES_AGGRESSIVE;
				GCC_WARN_UNUSED_FUNCTION = YES;
				GCC_WARN_UNUSED_VARIABLE = YES;
				IPHONEOS_DEPLOYMENT_TARGET = 12.0;
				MTL_ENABLE_DEBUG_INFO = NO;
				MTL_FAST_MATH = YES;
				SDKROOT = iphoneos;
				SWIFT_COMPILATION_MODE = wholemodule;
				SWIFT_OPTIMIZATION_LEVEL = "-O";
				VALIDATE_PRODUCT = YES;
			};
			name = Release;
		};
		FAA2ADDB21854F48005AAD9F /* Debug */ = {
			isa = XCBuildConfiguration;
			buildSettings = {
				ALWAYS_EMBED_SWIFT_STANDARD_LIBRARIES = YES;
				ASSETCATALOG_COMPILER_APPICON_NAME = AppIcon;
				CODE_SIGN_STYLE = Automatic;
				DEVELOPMENT_TEAM = 486CCPNU3B;
				INFOPLIST_FILE = Project16/Info.plist;
				LD_RUNPATH_SEARCH_PATHS = (
					"$(inherited)",
					"@executable_path/Frameworks",
				);
				PRODUCT_BUNDLE_IDENTIFIER = com.example.Project16;
				PRODUCT_NAME = "$(TARGET_NAME)";
				SWIFT_VERSION = 4.2;
				TARGETED_DEVICE_FAMILY = "1,2";
			};
			name = Debug;
		};
		FAA2ADDC21854F48005AAD9F /* Release */ = {
			isa = XCBuildConfiguration;
			buildSettings = {
				ALWAYS_EMBED_SWIFT_STANDARD_LIBRARIES = YES;
				ASSETCATALOG_COMPILER_APPICON_NAME = AppIcon;
				CODE_SIGN_STYLE = Automatic;
				DEVELOPMENT_TEAM = 486CCPNU3B;
				INFOPLIST_FILE = Project16/Info.plist;
				LD_RUNPATH_SEARCH_PATHS = (
					"$(inherited)",
					"@executable_path/Frameworks",
				);
				PRODUCT_BUNDLE_IDENTIFIER = com.example.Project16;
				PRODUCT_NAME = "$(TARGET_NAME)";
				SWIFT_VERSION = 4.2;
				TARGETED_DEVICE_FAMILY = "1,2";
			};
			name = Release;
		};
		FAA2ADED21855215005AAD9F /* Debug */ = {
			isa = XCBuildConfiguration;
			buildSettings = {
				CODE_SIGN_STYLE = Automatic;
				DEVELOPMENT_TEAM = 486CCPNU3B;
				INFOPLIST_FILE = Extension/Info.plist;
				LD_RUNPATH_SEARCH_PATHS = (
					"$(inherited)",
					"@executable_path/Frameworks",
					"@executable_path/../../Frameworks",
				);
				PRODUCT_BUNDLE_IDENTIFIER = com.example.Project16.Extension;
				PRODUCT_NAME = "$(TARGET_NAME)";
				SKIP_INSTALL = YES;
				SWIFT_VERSION = 4.2;
				TARGETED_DEVICE_FAMILY = "1,2";
			};
			name = Debug;
		};
		FAA2ADEE21855215005AAD9F /* Release */ = {
			isa = XCBuildConfiguration;
			buildSettings = {
				CODE_SIGN_STYLE = Automatic;
				DEVELOPMENT_TEAM = 486CCPNU3B;
				INFOPLIST_FILE = Extension/Info.plist;
				LD_RUNPATH_SEARCH_PATHS = (
					"$(inherited)",
					"@executable_path/Frameworks",
					"@executable_path/../../Frameworks",
				);
				PRODUCT_BUNDLE_IDENTIFIER = com.example.Project16.Extension;
				PRODUCT_NAME = "$(TARGET_NAME)";
				SKIP_INSTALL = YES;
				SWIFT_VERSION = 4.2;
				TARGETED_DEVICE_FAMILY = "1,2";
			};
			name = Release;
		};
/* End XCBuildConfiguration section */

/* Begin XCConfigurationList section */
		FAA2ADC321854F47005AAD9F /* Build configuration list for PBXProject "Project16" */ = {
			isa = XCConfigurationList;
			buildConfigurations = (
				FAA2ADD821854F48005AAD9F /* Debug */,
				FAA2ADD921854F48005AAD9F /* Release */,
			);
			defaultConfigurationIsVisible = 0;
			defaultConfigurationName = Release;
		};
		FAA2ADDA21854F48005AAD9F /* Build configuration list for PBXNativeTarget "Project16" */ = {
			isa = XCConfigurationList;
			buildConfigurations = (
				FAA2ADDB21854F48005AAD9F /* Debug */,
				FAA2ADDC21854F48005AAD9F /* Release */,
			);
			defaultConfigurationIsVisible = 0;
			defaultConfigurationName = Release;
		};
		FAA2ADEC21855215005AAD9F /* Build configuration list for PBXNativeTarget "Extension" */ = {
			isa = XCConfigurationList;
			buildConfigurations = (
				FAA2ADED21855215005AAD9F /* Debug */,
				FAA2ADEE21855215005AAD9F /* Release */,
			);
			defaultConfigurationIsVisible = 0;
			defaultConfigurationName = Release;
		};
/* End XCConfigurationList section */
	};
	rootObject = FAA2ADC021854F47005AAD9F /* Project object */;
}
